
Microsoft Visual Studio Solution File, Format Version 12.00
# Visual Studio Version 16
VisualStudioVersion = 16.0.29926.136
MinimumVisualStudioVersion = 10.0.40219.1
Project("{FAE04EC0-301F-11D3-BF4B-00C04F79EFBC}") = "CrappyBird", "CrappyBird\CrappyBird.csproj", "{A55903FC-E7DC-4D82-911E-85985E958CF9}"
EndProject
Global
	GlobalSection(SolutionConfigurationPlatforms) = preSolution
		Debug|Any CPU = Debug|Any CPU
		Release|Any CPU = Release|Any CPU
	EndGlobalSection
	GlobalSection(ProjectConfigurationPlatforms) = postSolution
		{A55903FC-E7DC-4D82-911E-85985E958CF9}.Debug|Any CPU.ActiveCfg = Debug|Any CPU
		{A55903FC-E7DC-4D82-911E-85985E958CF9}.Debug|Any CPU.Build.0 = Debug|Any CPU
		{A55903FC-E7DC-4D82-911E-85985E958CF9}.Release|Any CPU.ActiveCfg = Release|Any CPU
		{A55903FC-E7DC-4D82-911E-85985E958CF9}.Release|Any CPU.Build.0 = Release|Any CPU
	EndGlobalSection
	GlobalSection(SolutionProperties) = preSolution
		HideSolutionNode = FALSE
	EndGlobalSection
	GlobalSection(ExtensibilityGlobals) = postSolution
		SolutionGuid = {45D1E46C-EE5B-483F-880C-E2FF21E9D3B9}
	EndGlobalSection
EndGlobal
