
Microsoft Visual Studio Solution File, Format Version 12.00
Project("{FAE04EC0-301F-11D3-BF4B-00C04F79EFBC}") = "TopDownCollisions2", "TopDownCollisions2\TopDownCollisions2.csproj", "{C38DA7B3-C40F-473E-881A-0F63AFA55D2D}"
EndProject
Global
	GlobalSection(SolutionConfigurationPlatforms) = preSolution
		Debug|Any CPU = Debug|Any CPU
		Release|Any CPU = Release|Any CPU
	EndGlobalSection
	GlobalSection(ProjectConfigurationPlatforms) = postSolution
		{C38DA7B3-C40F-473E-881A-0F63AFA55D2D}.Debug|Any CPU.ActiveCfg = Debug|Any CPU
		{C38DA7B3-C40F-473E-881A-0F63AFA55D2D}.Debug|Any CPU.Build.0 = Debug|Any CPU
		{C38DA7B3-C40F-473E-881A-0F63AFA55D2D}.Release|Any CPU.ActiveCfg = Release|Any CPU
		{C38DA7B3-C40F-473E-881A-0F63AFA55D2D}.Release|Any CPU.Build.0 = Release|Any CPU
	EndGlobalSection
EndGlobal
