
Microsoft Visual Studio Solution File, Format Version 12.00
# Visual Studio 15
VisualStudioVersion = 15.0.28307.1062
MinimumVisualStudioVersion = 10.0.40219.1
Project("{FAE04EC0-301F-11D3-BF4B-00C04F79EFBC}") = "ScaleTestHalfPixels", "ScaleTestHalfPixels\ScaleTestHalfPixels.csproj", "{7B870438-7724-43C7-9732-FD12292611BA}"
EndProject
Global
	GlobalSection(SolutionConfigurationPlatforms) = preSolution
		Debug|Any CPU = Debug|Any CPU
		Release|Any CPU = Release|Any CPU
	EndGlobalSection
	GlobalSection(ProjectConfigurationPlatforms) = postSolution
		{7B870438-7724-43C7-9732-FD12292611BA}.Debug|Any CPU.ActiveCfg = Debug|Any CPU
		{7B870438-7724-43C7-9732-FD12292611BA}.Debug|Any CPU.Build.0 = Debug|Any CPU
		{7B870438-7724-43C7-9732-FD12292611BA}.Release|Any CPU.ActiveCfg = Release|Any CPU
		{7B870438-7724-43C7-9732-FD12292611BA}.Release|Any CPU.Build.0 = Release|Any CPU
	EndGlobalSection
	GlobalSection(SolutionProperties) = preSolution
		HideSolutionNode = FALSE
	EndGlobalSection
	GlobalSection(ExtensibilityGlobals) = postSolution
		SolutionGuid = {4028D0D2-CF14-45BD-9E7B-4B23F0A691C3}
	EndGlobalSection
EndGlobal
